// !$*UTF8*$!
{
	archiveVersion = 1;
	classes = {
	};
	objectVersion = 46;
	objects = {

/* Begin PBXBuildFile section */
		18338D7218F77E8400DC49FD /* WelcomeController.m in Sources */ = {isa = PBXBuildFile; fileRef = 18338D7118F77E8400DC49FD /* WelcomeController.m */; };
		18338D7518F7822E00DC49FD /* LoginController.m in Sources */ = {isa = PBXBuildFile; fileRef = 18338D7418F7822E00DC49FD /* LoginController.m */; };
		18338D7818F7837800DC49FD /* IntroduceController.m in Sources */ = {isa = PBXBuildFile; fileRef = 18338D7718F7837800DC49FD /* IntroduceController.m */; };
		18338D7C18F7871100DC49FD /* FadeIn.m in Sources */ = {isa = PBXBuildFile; fileRef = 18338D7B18F7871100DC49FD /* FadeIn.m */; };
		184EB4791904C2D200807C94 /* settings.plist in Resources */ = {isa = PBXBuildFile; fileRef = 184EB4781904C2D200807C94 /* settings.plist */; };
		184EB47C1904C32900807C94 /* ContactCell.m in Sources */ = {isa = PBXBuildFile; fileRef = 184EB47B1904C32900807C94 /* ContactCell.m */; };
		184EB47F1904D13300807C94 /* SettingsController.m in Sources */ = {isa = PBXBuildFile; fileRef = 184EB47E1904D13300807C94 /* SettingsController.m */; };
		184EB4821904E5EC00807C94 /* ProfileCell.m in Sources */ = {isa = PBXBuildFile; fileRef = 184EB4811904E5EC00807C94 /* ProfileCell.m */; };
		184EB4851904E60D00807C94 /* SettingCell.m in Sources */ = {isa = PBXBuildFile; fileRef = 184EB4841904E60D00807C94 /* SettingCell.m */; };
		184EB48B1904FDB100807C94 /* ProfileController.m in Sources */ = {isa = PBXBuildFile; fileRef = 184EB48A1904FDB100807C94 /* ProfileController.m */; };
		185452C818E3F70C00AD1CC4 /* Foundation.framework in Frameworks */ = {isa = PBXBuildFile; fileRef = 185452C718E3F70C00AD1CC4 /* Foundation.framework */; };
		185452CA18E3F70C00AD1CC4 /* CoreGraphics.framework in Frameworks */ = {isa = PBXBuildFile; fileRef = 185452C918E3F70C00AD1CC4 /* CoreGraphics.framework */; };
		185452CC18E3F70C00AD1CC4 /* UIKit.framework in Frameworks */ = {isa = PBXBuildFile; fileRef = 185452CB18E3F70C00AD1CC4 /* UIKit.framework */; };
		185452CE18E3F70C00AD1CC4 /* CoreData.framework in Frameworks */ = {isa = PBXBuildFile; fileRef = 185452CD18E3F70C00AD1CC4 /* CoreData.framework */; };
		185452D418E3F70C00AD1CC4 /* InfoPlist.strings in Resources */ = {isa = PBXBuildFile; fileRef = 185452D218E3F70C00AD1CC4 /* InfoPlist.strings */; };
		185452D618E3F70C00AD1CC4 /* main.m in Sources */ = {isa = PBXBuildFile; fileRef = 185452D518E3F70C00AD1CC4 /* main.m */; };
		185452DA18E3F70C00AD1CC4 /* AppDelegate.m in Sources */ = {isa = PBXBuildFile; fileRef = 185452D918E3F70C00AD1CC4 /* AppDelegate.m */; };
		185452DD18E3F70C00AD1CC4 /* guai.xcdatamodeld in Sources */ = {isa = PBXBuildFile; fileRef = 185452DB18E3F70C00AD1CC4 /* guai.xcdatamodeld */; };
		185452DF18E3F70C00AD1CC4 /* Images.xcassets in Resources */ = {isa = PBXBuildFile; fileRef = 185452DE18E3F70C00AD1CC4 /* Images.xcassets */; };
		185452E618E3F70C00AD1CC4 /* XCTest.framework in Frameworks */ = {isa = PBXBuildFile; fileRef = 185452E518E3F70C00AD1CC4 /* XCTest.framework */; };
		185452E718E3F70C00AD1CC4 /* Foundation.framework in Frameworks */ = {isa = PBXBuildFile; fileRef = 185452C718E3F70C00AD1CC4 /* Foundation.framework */; };
		185452E818E3F70C00AD1CC4 /* UIKit.framework in Frameworks */ = {isa = PBXBuildFile; fileRef = 185452CB18E3F70C00AD1CC4 /* UIKit.framework */; };
		185452E918E3F70C00AD1CC4 /* CoreData.framework in Frameworks */ = {isa = PBXBuildFile; fileRef = 185452CD18E3F70C00AD1CC4 /* CoreData.framework */; };
		185452F118E3F70C00AD1CC4 /* InfoPlist.strings in Resources */ = {isa = PBXBuildFile; fileRef = 185452EF18E3F70C00AD1CC4 /* InfoPlist.strings */; };
		185452F318E3F70C00AD1CC4 /* guaiTests.m in Sources */ = {isa = PBXBuildFile; fileRef = 185452F218E3F70C00AD1CC4 /* guaiTests.m */; };
		185452FD18E3F75000AD1CC4 /* Storyboard.storyboard in Resources */ = {isa = PBXBuildFile; fileRef = 185452FC18E3F75000AD1CC4 /* Storyboard.storyboard */; };
		1854530418E3F9C800AD1CC4 /* ContactsController.m in Sources */ = {isa = PBXBuildFile; fileRef = 1854530318E3F9C800AD1CC4 /* ContactsController.m */; };
		1854530718E40C7600AD1CC4 /* MainController.m in Sources */ = {isa = PBXBuildFile; fileRef = 1854530618E40C7600AD1CC4 /* MainController.m */; };
		1854530A18E41E1200AD1CC4 /* MessagesController.m in Sources */ = {isa = PBXBuildFile; fileRef = 1854530918E41E1200AD1CC4 /* MessagesController.m */; };
		18BC5C8B18FFAB37004800E0 /* MessageCell.m in Sources */ = {isa = PBXBuildFile; fileRef = 18BC5C8A18FFAB37004800E0 /* MessageCell.m */; };
/* End PBXBuildFile section */

/* Begin PBXContainerItemProxy section */
		185452EA18E3F70C00AD1CC4 /* PBXContainerItemProxy */ = {
			isa = PBXContainerItemProxy;
			containerPortal = 185452BC18E3F70C00AD1CC4 /* Project object */;
			proxyType = 1;
			remoteGlobalIDString = 185452C318E3F70C00AD1CC4;
			remoteInfo = guai;
		};
/* End PBXContainerItemProxy section */

/* Begin PBXFileReference section */
		18338D7018F77E8400DC49FD /* WelcomeController.h */ = {isa = PBXFileReference; fileEncoding = 4; lastKnownFileType = sourcecode.c.h; name = WelcomeController.h; path = controllers/WelcomeController.h; sourceTree = "<group>"; };
		18338D7118F77E8400DC49FD /* WelcomeController.m */ = {isa = PBXFileReference; fileEncoding = 4; lastKnownFileType = sourcecode.c.objc; name = WelcomeController.m; path = controllers/WelcomeController.m; sourceTree = "<group>"; };
		18338D7318F7822E00DC49FD /* LoginController.h */ = {isa = PBXFileReference; fileEncoding = 4; lastKnownFileType = sourcecode.c.h; name = LoginController.h; path = controllers/LoginController.h; sourceTree = "<group>"; };
		18338D7418F7822E00DC49FD /* LoginController.m */ = {isa = PBXFileReference; fileEncoding = 4; lastKnownFileType = sourcecode.c.objc; name = LoginController.m; path = controllers/LoginController.m; sourceTree = "<group>"; };
		18338D7618F7837800DC49FD /* IntroduceController.h */ = {isa = PBXFileReference; fileEncoding = 4; lastKnownFileType = sourcecode.c.h; name = IntroduceController.h; path = controllers/IntroduceController.h; sourceTree = "<group>"; };
		18338D7718F7837800DC49FD /* IntroduceController.m */ = {isa = PBXFileReference; fileEncoding = 4; lastKnownFileType = sourcecode.c.objc; name = IntroduceController.m; path = controllers/IntroduceController.m; sourceTree = "<group>"; };
		18338D7A18F7871100DC49FD /* FadeIn.h */ = {isa = PBXFileReference; fileEncoding = 4; lastKnownFileType = sourcecode.c.h; name = FadeIn.h; path = segues/FadeIn.h; sourceTree = "<group>"; };
		18338D7B18F7871100DC49FD /* FadeIn.m */ = {isa = PBXFileReference; fileEncoding = 4; lastKnownFileType = sourcecode.c.objc; name = FadeIn.m; path = segues/FadeIn.m; sourceTree = "<group>"; };
		184EB4781904C2D200807C94 /* settings.plist */ = {isa = PBXFileReference; fileEncoding = 4; lastKnownFileType = text.plist.xml; name = settings.plist; path = propertyLists/settings.plist; sourceTree = "<group>"; };
		184EB47A1904C32900807C94 /* ContactCell.h */ = {isa = PBXFileReference; fileEncoding = 4; lastKnownFileType = sourcecode.c.h; name = ContactCell.h; path = cells/ContactCell.h; sourceTree = "<group>"; };
		184EB47B1904C32900807C94 /* ContactCell.m */ = {isa = PBXFileReference; fileEncoding = 4; lastKnownFileType = sourcecode.c.objc; name = ContactCell.m; path = cells/ContactCell.m; sourceTree = "<group>"; };
		184EB47D1904D13300807C94 /* SettingsController.h */ = {isa = PBXFileReference; fileEncoding = 4; lastKnownFileType = sourcecode.c.h; name = SettingsController.h; path = controllers/SettingsController.h; sourceTree = "<group>"; };
		184EB47E1904D13300807C94 /* SettingsController.m */ = {isa = PBXFileReference; fileEncoding = 4; lastKnownFileType = sourcecode.c.objc; name = SettingsController.m; path = controllers/SettingsController.m; sourceTree = "<group>"; };
		184EB4801904E5EC00807C94 /* ProfileCell.h */ = {isa = PBXFileReference; fileEncoding = 4; lastKnownFileType = sourcecode.c.h; name = ProfileCell.h; path = cells/ProfileCell.h; sourceTree = "<group>"; };
		184EB4811904E5EC00807C94 /* ProfileCell.m */ = {isa = PBXFileReference; fileEncoding = 4; lastKnownFileType = sourcecode.c.objc; name = ProfileCell.m; path = cells/ProfileCell.m; sourceTree = "<group>"; };
		184EB4831904E60D00807C94 /* SettingCell.h */ = {isa = PBXFileReference; fileEncoding = 4; lastKnownFileType = sourcecode.c.h; name = SettingCell.h; path = cells/SettingCell.h; sourceTree = "<group>"; };
		184EB4841904E60D00807C94 /* SettingCell.m */ = {isa = PBXFileReference; fileEncoding = 4; lastKnownFileType = sourcecode.c.objc; name = SettingCell.m; path = cells/SettingCell.m; sourceTree = "<group>"; };
		184EB4891904FDB100807C94 /* ProfileController.h */ = {isa = PBXFileReference; fileEncoding = 4; lastKnownFileType = sourcecode.c.h; name = ProfileController.h; path = controllers/ProfileController.h; sourceTree = "<group>"; };
		184EB48A1904FDB100807C94 /* ProfileController.m */ = {isa = PBXFileReference; fileEncoding = 4; lastKnownFileType = sourcecode.c.objc; name = ProfileController.m; path = controllers/ProfileController.m; sourceTree = "<group>"; };
		185452C418E3F70C00AD1CC4 /* guai.app */ = {isa = PBXFileReference; explicitFileType = wrapper.application; includeInIndex = 0; path = guai.app; sourceTree = BUILT_PRODUCTS_DIR; };
		185452C718E3F70C00AD1CC4 /* Foundation.framework */ = {isa = PBXFileReference; lastKnownFileType = wrapper.framework; name = Foundation.framework; path = System/Library/Frameworks/Foundation.framework; sourceTree = SDKROOT; };
		185452C918E3F70C00AD1CC4 /* CoreGraphics.framework */ = {isa = PBXFileReference; lastKnownFileType = wrapper.framework; name = CoreGraphics.framework; path = System/Library/Frameworks/CoreGraphics.framework; sourceTree = SDKROOT; };
		185452CB18E3F70C00AD1CC4 /* UIKit.framework */ = {isa = PBXFileReference; lastKnownFileType = wrapper.framework; name = UIKit.framework; path = System/Library/Frameworks/UIKit.framework; sourceTree = SDKROOT; };
		185452CD18E3F70C00AD1CC4 /* CoreData.framework */ = {isa = PBXFileReference; lastKnownFileType = wrapper.framework; name = CoreData.framework; path = System/Library/Frameworks/CoreData.framework; sourceTree = SDKROOT; };
		185452D118E3F70C00AD1CC4 /* guai-Info.plist */ = {isa = PBXFileReference; lastKnownFileType = text.plist.xml; path = "guai-Info.plist"; sourceTree = "<group>"; };
		185452D318E3F70C00AD1CC4 /* en */ = {isa = PBXFileReference; lastKnownFileType = text.plist.strings; name = en; path = en.lproj/InfoPlist.strings; sourceTree = "<group>"; };
		185452D518E3F70C00AD1CC4 /* main.m */ = {isa = PBXFileReference; lastKnownFileType = sourcecode.c.objc; path = main.m; sourceTree = "<group>"; };
		185452D718E3F70C00AD1CC4 /* guai-Prefix.pch */ = {isa = PBXFileReference; lastKnownFileType = sourcecode.c.h; path = "guai-Prefix.pch"; sourceTree = "<group>"; };
		185452D818E3F70C00AD1CC4 /* AppDelegate.h */ = {isa = PBXFileReference; lastKnownFileType = sourcecode.c.h; path = AppDelegate.h; sourceTree = "<group>"; };
		185452D918E3F70C00AD1CC4 /* AppDelegate.m */ = {isa = PBXFileReference; lastKnownFileType = sourcecode.c.objc; path = AppDelegate.m; sourceTree = "<group>"; };
		185452DC18E3F70C00AD1CC4 /* guai.xcdatamodel */ = {isa = PBXFileReference; lastKnownFileType = wrapper.xcdatamodel; path = guai.xcdatamodel; sourceTree = "<group>"; };
		185452DE18E3F70C00AD1CC4 /* Images.xcassets */ = {isa = PBXFileReference; lastKnownFileType = folder.assetcatalog; path = Images.xcassets; sourceTree = "<group>"; };
		185452E418E3F70C00AD1CC4 /* guaiTests.xctest */ = {isa = PBXFileReference; explicitFileType = wrapper.cfbundle; includeInIndex = 0; path = guaiTests.xctest; sourceTree = BUILT_PRODUCTS_DIR; };
		185452E518E3F70C00AD1CC4 /* XCTest.framework */ = {isa = PBXFileReference; lastKnownFileType = wrapper.framework; name = XCTest.framework; path = Library/Frameworks/XCTest.framework; sourceTree = DEVELOPER_DIR; };
		185452EE18E3F70C00AD1CC4 /* guaiTests-Info.plist */ = {isa = PBXFileReference; lastKnownFileType = text.plist.xml; path = "guaiTests-Info.plist"; sourceTree = "<group>"; };
		185452F018E3F70C00AD1CC4 /* en */ = {isa = PBXFileReference; lastKnownFileType = text.plist.strings; name = en; path = en.lproj/InfoPlist.strings; sourceTree = "<group>"; };
		185452F218E3F70C00AD1CC4 /* guaiTests.m */ = {isa = PBXFileReference; lastKnownFileType = sourcecode.c.objc; path = guaiTests.m; sourceTree = "<group>"; };
		185452FC18E3F75000AD1CC4 /* Storyboard.storyboard */ = {isa = PBXFileReference; fileEncoding = 4; lastKnownFileType = file.storyboard; path = Storyboard.storyboard; sourceTree = "<group>"; };
		1854530218E3F9C800AD1CC4 /* ContactsController.h */ = {isa = PBXFileReference; fileEncoding = 4; lastKnownFileType = sourcecode.c.h; name = ContactsController.h; path = controllers/ContactsController.h; sourceTree = "<group>"; };
		1854530318E3F9C800AD1CC4 /* ContactsController.m */ = {isa = PBXFileReference; fileEncoding = 4; lastKnownFileType = sourcecode.c.objc; name = ContactsController.m; path = controllers/ContactsController.m; sourceTree = "<group>"; };
		1854530518E40C7600AD1CC4 /* MainController.h */ = {isa = PBXFileReference; fileEncoding = 4; lastKnownFileType = sourcecode.c.h; name = MainController.h; path = controllers/MainController.h; sourceTree = "<group>"; };
		1854530618E40C7600AD1CC4 /* MainController.m */ = {isa = PBXFileReference; fileEncoding = 4; lastKnownFileType = sourcecode.c.objc; name = MainController.m; path = controllers/MainController.m; sourceTree = "<group>"; };
		1854530818E41E1200AD1CC4 /* MessagesController.h */ = {isa = PBXFileReference; fileEncoding = 4; lastKnownFileType = sourcecode.c.h; name = MessagesController.h; path = controllers/MessagesController.h; sourceTree = "<group>"; };
		1854530918E41E1200AD1CC4 /* MessagesController.m */ = {isa = PBXFileReference; fileEncoding = 4; lastKnownFileType = sourcecode.c.objc; name = MessagesController.m; path = controllers/MessagesController.m; sourceTree = "<group>"; };
		18BC5C8918FFAB37004800E0 /* MessageCell.h */ = {isa = PBXFileReference; fileEncoding = 4; lastKnownFileType = sourcecode.c.h; name = MessageCell.h; path = cells/MessageCell.h; sourceTree = "<group>"; };
		18BC5C8A18FFAB37004800E0 /* MessageCell.m */ = {isa = PBXFileReference; fileEncoding = 4; lastKnownFileType = sourcecode.c.objc; name = MessageCell.m; path = cells/MessageCell.m; sourceTree = "<group>"; };
/* End PBXFileReference section */

/* Begin PBXFrameworksBuildPhase section */
		185452C118E3F70C00AD1CC4 /* Frameworks */ = {
			isa = PBXFrameworksBuildPhase;
			buildActionMask = 2147483647;
			files = (
				185452CA18E3F70C00AD1CC4 /* CoreGraphics.framework in Frameworks */,
				185452CE18E3F70C00AD1CC4 /* CoreData.framework in Frameworks */,
				185452CC18E3F70C00AD1CC4 /* UIKit.framework in Frameworks */,
				185452C818E3F70C00AD1CC4 /* Foundation.framework in Frameworks */,
			);
			runOnlyForDeploymentPostprocessing = 0;
		};
		185452E118E3F70C00AD1CC4 /* Frameworks */ = {
			isa = PBXFrameworksBuildPhase;
			buildActionMask = 2147483647;
			files = (
				185452E618E3F70C00AD1CC4 /* XCTest.framework in Frameworks */,
				185452E918E3F70C00AD1CC4 /* CoreData.framework in Frameworks */,
				185452E818E3F70C00AD1CC4 /* UIKit.framework in Frameworks */,
				185452E718E3F70C00AD1CC4 /* Foundation.framework in Frameworks */,
			);
			runOnlyForDeploymentPostprocessing = 0;
		};
/* End PBXFrameworksBuildPhase section */

/* Begin PBXGroup section */
		18338D7918F786B400DC49FD /* segues */ = {
			isa = PBXGroup;
			children = (
				18338D7A18F7871100DC49FD /* FadeIn.h */,
				18338D7B18F7871100DC49FD /* FadeIn.m */,
			);
			name = segues;
			sourceTree = "<group>";
		};
		184EB4771904C27100807C94 /* propertyLists */ = {
			isa = PBXGroup;
			children = (
				184EB4781904C2D200807C94 /* settings.plist */,
			);
			name = propertyLists;
			sourceTree = "<group>";
		};
		185452BB18E3F70C00AD1CC4 = {
			isa = PBXGroup;
			children = (
				185452CF18E3F70C00AD1CC4 /* guai */,
				185452EC18E3F70C00AD1CC4 /* guaiTests */,
				185452C618E3F70C00AD1CC4 /* Frameworks */,
				185452C518E3F70C00AD1CC4 /* Products */,
			);
			sourceTree = "<group>";
		};
		185452C518E3F70C00AD1CC4 /* Products */ = {
			isa = PBXGroup;
			children = (
				185452C418E3F70C00AD1CC4 /* guai.app */,
				185452E418E3F70C00AD1CC4 /* guaiTests.xctest */,
			);
			name = Products;
			sourceTree = "<group>";
		};
		185452C618E3F70C00AD1CC4 /* Frameworks */ = {
			isa = PBXGroup;
			children = (
				185452C718E3F70C00AD1CC4 /* Foundation.framework */,
				185452C918E3F70C00AD1CC4 /* CoreGraphics.framework */,
				185452CB18E3F70C00AD1CC4 /* UIKit.framework */,
				185452CD18E3F70C00AD1CC4 /* CoreData.framework */,
				185452E518E3F70C00AD1CC4 /* XCTest.framework */,
			);
			name = Frameworks;
			sourceTree = "<group>";
		};
		185452CF18E3F70C00AD1CC4 /* guai */ = {
			isa = PBXGroup;
			children = (
				184EB4771904C27100807C94 /* propertyLists */,
				18BC5C8818FFAB01004800E0 /* cells */,
				18338D7918F786B400DC49FD /* segues */,
				1854530118E3F97200AD1CC4 /* controllers */,
				185452D818E3F70C00AD1CC4 /* AppDelegate.h */,
				185452D918E3F70C00AD1CC4 /* AppDelegate.m */,
				185452DE18E3F70C00AD1CC4 /* Images.xcassets */,
				185452DB18E3F70C00AD1CC4 /* guai.xcdatamodeld */,
				185452D018E3F70C00AD1CC4 /* Supporting Files */,
				185452FC18E3F75000AD1CC4 /* Storyboard.storyboard */,
			);
			path = guai;
			sourceTree = "<group>";
		};
		185452D018E3F70C00AD1CC4 /* Supporting Files */ = {
			isa = PBXGroup;
			children = (
				185452D118E3F70C00AD1CC4 /* guai-Info.plist */,
				185452D218E3F70C00AD1CC4 /* InfoPlist.strings */,
				185452D518E3F70C00AD1CC4 /* main.m */,
				185452D718E3F70C00AD1CC4 /* guai-Prefix.pch */,
			);
			name = "Supporting Files";
			sourceTree = "<group>";
		};
		185452EC18E3F70C00AD1CC4 /* guaiTests */ = {
			isa = PBXGroup;
			children = (
				185452F218E3F70C00AD1CC4 /* guaiTests.m */,
				185452ED18E3F70C00AD1CC4 /* Supporting Files */,
			);
			path = guaiTests;
			sourceTree = "<group>";
		};
		185452ED18E3F70C00AD1CC4 /* Supporting Files */ = {
			isa = PBXGroup;
			children = (
				185452EE18E3F70C00AD1CC4 /* guaiTests-Info.plist */,
				185452EF18E3F70C00AD1CC4 /* InfoPlist.strings */,
			);
			name = "Supporting Files";
			sourceTree = "<group>";
		};
		1854530118E3F97200AD1CC4 /* controllers */ = {
			isa = PBXGroup;
			children = (
				1854530218E3F9C800AD1CC4 /* ContactsController.h */,
				1854530318E3F9C800AD1CC4 /* ContactsController.m */,
				1854530518E40C7600AD1CC4 /* MainController.h */,
				1854530618E40C7600AD1CC4 /* MainController.m */,
				1854530818E41E1200AD1CC4 /* MessagesController.h */,
				1854530918E41E1200AD1CC4 /* MessagesController.m */,
				18338D7018F77E8400DC49FD /* WelcomeController.h */,
				18338D7118F77E8400DC49FD /* WelcomeController.m */,
				18338D7318F7822E00DC49FD /* LoginController.h */,
				18338D7418F7822E00DC49FD /* LoginController.m */,
				18338D7618F7837800DC49FD /* IntroduceController.h */,
				18338D7718F7837800DC49FD /* IntroduceController.m */,
				184EB47D1904D13300807C94 /* SettingsController.h */,
				184EB47E1904D13300807C94 /* SettingsController.m */,
				184EB4891904FDB100807C94 /* ProfileController.h */,
				184EB48A1904FDB100807C94 /* ProfileController.m */,
			);
			name = controllers;
			sourceTree = "<group>";
		};
		18BC5C8818FFAB01004800E0 /* cells */ = {
			isa = PBXGroup;
			children = (
				18BC5C8918FFAB37004800E0 /* MessageCell.h */,
				18BC5C8A18FFAB37004800E0 /* MessageCell.m */,
				184EB47A1904C32900807C94 /* ContactCell.h */,
				184EB47B1904C32900807C94 /* ContactCell.m */,
				184EB4801904E5EC00807C94 /* ProfileCell.h */,
				184EB4811904E5EC00807C94 /* ProfileCell.m */,
				184EB4831904E60D00807C94 /* SettingCell.h */,
				184EB4841904E60D00807C94 /* SettingCell.m */,
			);
			name = cells;
			sourceTree = "<group>";
		};
/* End PBXGroup section */

/* Begin PBXNativeTarget section */
		185452C318E3F70C00AD1CC4 /* guai */ = {
			isa = PBXNativeTarget;
			buildConfigurationList = 185452F618E3F70C00AD1CC4 /* Build configuration list for PBXNativeTarget "guai" */;
			buildPhases = (
				185452C018E3F70C00AD1CC4 /* Sources */,
				185452C118E3F70C00AD1CC4 /* Frameworks */,
				185452C218E3F70C00AD1CC4 /* Resources */,
			);
			buildRules = (
			);
			dependencies = (
			);
			name = guai;
			productName = guai;
			productReference = 185452C418E3F70C00AD1CC4 /* guai.app */;
			productType = "com.apple.product-type.application";
		};
		185452E318E3F70C00AD1CC4 /* guaiTests */ = {
			isa = PBXNativeTarget;
			buildConfigurationList = 185452F918E3F70C00AD1CC4 /* Build configuration list for PBXNativeTarget "guaiTests" */;
			buildPhases = (
				185452E018E3F70C00AD1CC4 /* Sources */,
				185452E118E3F70C00AD1CC4 /* Frameworks */,
				185452E218E3F70C00AD1CC4 /* Resources */,
			);
			buildRules = (
			);
			dependencies = (
				185452EB18E3F70C00AD1CC4 /* PBXTargetDependency */,
			);
			name = guaiTests;
			productName = guaiTests;
			productReference = 185452E418E3F70C00AD1CC4 /* guaiTests.xctest */;
			productType = "com.apple.product-type.bundle.unit-test";
		};
/* End PBXNativeTarget section */

/* Begin PBXProject section */
		185452BC18E3F70C00AD1CC4 /* Project object */ = {
			isa = PBXProject;
			attributes = {
				LastUpgradeCheck = 0510;
				ORGANIZATIONNAME = com.dcz;
				TargetAttributes = {
					185452E318E3F70C00AD1CC4 = {
						TestTargetID = 185452C318E3F70C00AD1CC4;
					};
				};
			};
			buildConfigurationList = 185452BF18E3F70C00AD1CC4 /* Build configuration list for PBXProject "guai" */;
			compatibilityVersion = "Xcode 3.2";
			developmentRegion = English;
			hasScannedForEncodings = 0;
			knownRegions = (
				en,
			);
			mainGroup = 185452BB18E3F70C00AD1CC4;
			productRefGroup = 185452C518E3F70C00AD1CC4 /* Products */;
			projectDirPath = "";
			projectRoot = "";
			targets = (
				185452C318E3F70C00AD1CC4 /* guai */,
				185452E318E3F70C00AD1CC4 /* guaiTests */,
			);
		};
/* End PBXProject section */

/* Begin PBXResourcesBuildPhase section */
		185452C218E3F70C00AD1CC4 /* Resources */ = {
			isa = PBXResourcesBuildPhase;
			buildActionMask = 2147483647;
			files = (
				185452D418E3F70C00AD1CC4 /* InfoPlist.strings in Resources */,
				184EB4791904C2D200807C94 /* settings.plist in Resources */,
				185452DF18E3F70C00AD1CC4 /* Images.xcassets in Resources */,
				185452FD18E3F75000AD1CC4 /* Storyboard.storyboard in Resources */,
			);
			runOnlyForDeploymentPostprocessing = 0;
		};
		185452E218E3F70C00AD1CC4 /* Resources */ = {
			isa = PBXResourcesBuildPhase;
			buildActionMask = 2147483647;
			files = (
				185452F118E3F70C00AD1CC4 /* InfoPlist.strings in Resources */,
			);
			runOnlyForDeploymentPostprocessing = 0;
		};
/* End PBXResourcesBuildPhase section */

/* Begin PBXSourcesBuildPhase section */
		185452C018E3F70C00AD1CC4 /* Sources */ = {
			isa = PBXSourcesBuildPhase;
			buildActionMask = 2147483647;
			files = (
				184EB47C1904C32900807C94 /* ContactCell.m in Sources */,
				18338D7218F77E8400DC49FD /* WelcomeController.m in Sources */,
				18338D7518F7822E00DC49FD /* LoginController.m in Sources */,
				184EB48B1904FDB100807C94 /* ProfileController.m in Sources */,
				185452DA18E3F70C00AD1CC4 /* AppDelegate.m in Sources */,
				1854530A18E41E1200AD1CC4 /* MessagesController.m in Sources */,
				18338D7C18F7871100DC49FD /* FadeIn.m in Sources */,
				18338D7818F7837800DC49FD /* IntroduceController.m in Sources */,
				185452DD18E3F70C00AD1CC4 /* guai.xcdatamodeld in Sources */,
				184EB4851904E60D00807C94 /* SettingCell.m in Sources */,
				1854530418E3F9C800AD1CC4 /* ContactsController.m in Sources */,
				184EB4821904E5EC00807C94 /* ProfileCell.m in Sources */,
				184EB47F1904D13300807C94 /* SettingsController.m in Sources */,
				18BC5C8B18FFAB37004800E0 /* MessageCell.m in Sources */,
				1854530718E40C7600AD1CC4 /* MainController.m in Sources */,
				185452D618E3F70C00AD1CC4 /* main.m in Sources */,
			);
			runOnlyForDeploymentPostprocessing = 0;
		};
		185452E018E3F70C00AD1CC4 /* Sources */ = {
			isa = PBXSourcesBuildPhase;
			buildActionMask = 2147483647;
			files = (
				185452F318E3F70C00AD1CC4 /* guaiTests.m in Sources */,
			);
			runOnlyForDeploymentPostprocessing = 0;
		};
/* End PBXSourcesBuildPhase section */

/* Begin PBXTargetDependency section */
		185452EB18E3F70C00AD1CC4 /* PBXTargetDependency */ = {
			isa = PBXTargetDependency;
			target = 185452C318E3F70C00AD1CC4 /* guai */;
			targetProxy = 185452EA18E3F70C00AD1CC4 /* PBXContainerItemProxy */;
		};
/* End PBXTargetDependency section */

/* Begin PBXVariantGroup section */
		185452D218E3F70C00AD1CC4 /* InfoPlist.strings */ = {
			isa = PBXVariantGroup;
			children = (
				185452D318E3F70C00AD1CC4 /* en */,
			);
			name = InfoPlist.strings;
			sourceTree = "<group>";
		};
		185452EF18E3F70C00AD1CC4 /* InfoPlist.strings */ = {
			isa = PBXVariantGroup;
			children = (
				185452F018E3F70C00AD1CC4 /* en */,
			);
			name = InfoPlist.strings;
			sourceTree = "<group>";
		};
/* End PBXVariantGroup section */

/* Begin XCBuildConfiguration section */
		185452F418E3F70C00AD1CC4 /* Debug */ = {
			isa = XCBuildConfiguration;
			buildSettings = {
				ALWAYS_SEARCH_USER_PATHS = NO;
				CLANG_CXX_LANGUAGE_STANDARD = "gnu++0x";
				CLANG_CXX_LIBRARY = "libc++";
				CLANG_ENABLE_MODULES = YES;
				CLANG_ENABLE_OBJC_ARC = YES;
				CLANG_WARN_BOOL_CONVERSION = YES;
				CLANG_WARN_CONSTANT_CONVERSION = YES;
				CLANG_WARN_DIRECT_OBJC_ISA_USAGE = YES_ERROR;
				CLANG_WARN_EMPTY_BODY = YES;
				CLANG_WARN_ENUM_CONVERSION = YES;
				CLANG_WARN_INT_CONVERSION = YES;
				CLANG_WARN_OBJC_ROOT_CLASS = YES_ERROR;
				CLANG_WARN__DUPLICATE_METHOD_MATCH = YES;
				"CODE_SIGN_IDENTITY[sdk=iphoneos*]" = "iPhone Developer";
				COPY_PHASE_STRIP = NO;
				GCC_C_LANGUAGE_STANDARD = gnu99;
				GCC_DYNAMIC_NO_PIC = NO;
				GCC_OPTIMIZATION_LEVEL = 0;
				GCC_PREPROCESSOR_DEFINITIONS = (
					"DEBUG=1",
					"$(inherited)",
				);
				GCC_SYMBOLS_PRIVATE_EXTERN = NO;
				GCC_WARN_64_TO_32_BIT_CONVERSION = YES;
				GCC_WARN_ABOUT_RETURN_TYPE = YES_ERROR;
				GCC_WARN_UNDECLARED_SELECTOR = YES;
				GCC_WARN_UNINITIALIZED_AUTOS = YES_AGGRESSIVE;
				GCC_WARN_UNUSED_FUNCTION = YES;
				GCC_WARN_UNUSED_VARIABLE = YES;
				IPHONEOS_DEPLOYMENT_TARGET = 7.1;
				ONLY_ACTIVE_ARCH = YES;
				SDKROOT = iphoneos;
			};
			name = Debug;
		};
		185452F518E3F70C00AD1CC4 /* Release */ = {
			isa = XCBuildConfiguration;
			buildSettings = {
				ALWAYS_SEARCH_USER_PATHS = NO;
				CLANG_CXX_LANGUAGE_STANDARD = "gnu++0x";
				CLANG_CXX_LIBRARY = "libc++";
				CLANG_ENABLE_MODULES = YES;
				CLANG_ENABLE_OBJC_ARC = YES;
				CLANG_WARN_BOOL_CONVERSION = YES;
				CLANG_WARN_CONSTANT_CONVERSION = YES;
				CLANG_WARN_DIRECT_OBJC_ISA_USAGE = YES_ERROR;
				CLANG_WARN_EMPTY_BODY = YES;
				CLANG_WARN_ENUM_CONVERSION = YES;
				CLANG_WARN_INT_CONVERSION = YES;
				CLANG_WARN_OBJC_ROOT_CLASS = YES_ERROR;
				CLANG_WARN__DUPLICATE_METHOD_MATCH = YES;
				"CODE_SIGN_IDENTITY[sdk=iphoneos*]" = "iPhone Developer";
				COPY_PHASE_STRIP = YES;
				ENABLE_NS_ASSERTIONS = NO;
				GCC_C_LANGUAGE_STANDARD = gnu99;
				GCC_WARN_64_TO_32_BIT_CONVERSION = YES;
				GCC_WARN_ABOUT_RETURN_TYPE = YES_ERROR;
				GCC_WARN_UNDECLARED_SELECTOR = YES;
				GCC_WARN_UNINITIALIZED_AUTOS = YES_AGGRESSIVE;
				GCC_WARN_UNUSED_FUNCTION = YES;
				GCC_WARN_UNUSED_VARIABLE = YES;
				IPHONEOS_DEPLOYMENT_TARGET = 7.1;
				SDKROOT = iphoneos;
				VALIDATE_PRODUCT = YES;
			};
			name = Release;
		};
		185452F718E3F70C00AD1CC4 /* Debug */ = {
			isa = XCBuildConfiguration;
			buildSettings = {
				ASSETCATALOG_COMPILER_APPICON_NAME = AppIcon;
				ASSETCATALOG_COMPILER_LAUNCHIMAGE_NAME = LaunchImage;
				GCC_PRECOMPILE_PREFIX_HEADER = YES;
				GCC_PREFIX_HEADER = "guai/guai-Prefix.pch";
				INFOPLIST_FILE = "guai/guai-Info.plist";
				PRODUCT_NAME = "$(TARGET_NAME)";
				WRAPPER_EXTENSION = app;
			};
			name = Debug;
		};
		185452F818E3F70C00AD1CC4 /* Release */ = {
			isa = XCBuildConfiguration;
			buildSettings = {
				ASSETCATALOG_COMPILER_APPICON_NAME = AppIcon;
				ASSETCATALOG_COMPILER_LAUNCHIMAGE_NAME = LaunchImage;
				GCC_PRECOMPILE_PREFIX_HEADER = YES;
				GCC_PREFIX_HEADER = "guai/guai-Prefix.pch";
				INFOPLIST_FILE = "guai/guai-Info.plist";
				PRODUCT_NAME = "$(TARGET_NAME)";
				WRAPPER_EXTENSION = app;
			};
			name = Release;
		};
		185452FA18E3F70C00AD1CC4 /* Debug */ = {
			isa = XCBuildConfiguration;
			buildSettings = {
				BUNDLE_LOADER = "$(BUILT_PRODUCTS_DIR)/guai.app/guai";
				FRAMEWORK_SEARCH_PATHS = (
					"$(SDKROOT)/Developer/Library/Frameworks",
					"$(inherited)",
					"$(DEVELOPER_FRAMEWORKS_DIR)",
				);
				GCC_PRECOMPILE_PREFIX_HEADER = YES;
				GCC_PREFIX_HEADER = "guai/guai-Prefix.pch";
				GCC_PREPROCESSOR_DEFINITIONS = (
					"DEBUG=1",
					"$(inherited)",
				);
				INFOPLIST_FILE = "guaiTests/guaiTests-Info.plist";
				PRODUCT_NAME = "$(TARGET_NAME)";
				TEST_HOST = "$(BUNDLE_LOADER)";
				WRAPPER_EXTENSION = xctest;
			};
			name = Debug;
		};
		185452FB18E3F70C00AD1CC4 /* Release */ = {
			isa = XCBuildConfiguration;
			buildSettings = {
				BUNDLE_LOADER = "$(BUILT_PRODUCTS_DIR)/guai.app/guai";
				FRAMEWORK_SEARCH_PATHS = (
					"$(SDKROOT)/Developer/Library/Frameworks",
					"$(inherited)",
					"$(DEVELOPER_FRAMEWORKS_DIR)",
				);
				GCC_PRECOMPILE_PREFIX_HEADER = YES;
				GCC_PREFIX_HEADER = "guai/guai-Prefix.pch";
				INFOPLIST_FILE = "guaiTests/guaiTests-Info.plist";
				PRODUCT_NAME = "$(TARGET_NAME)";
				TEST_HOST = "$(BUNDLE_LOADER)";
				WRAPPER_EXTENSION = xctest;
			};
			name = Release;
		};
/* End XCBuildConfiguration section */

/* Begin XCConfigurationList section */
		185452BF18E3F70C00AD1CC4 /* Build configuration list for PBXProject "guai" */ = {
			isa = XCConfigurationList;
			buildConfigurations = (
				185452F418E3F70C00AD1CC4 /* Debug */,
				185452F518E3F70C00AD1CC4 /* Release */,
			);
			defaultConfigurationIsVisible = 0;
			defaultConfigurationName = Release;
		};
		185452F618E3F70C00AD1CC4 /* Build configuration list for PBXNativeTarget "guai" */ = {
			isa = XCConfigurationList;
			buildConfigurations = (
				185452F718E3F70C00AD1CC4 /* Debug */,
				185452F818E3F70C00AD1CC4 /* Release */,
			);
			defaultConfigurationIsVisible = 0;
			defaultConfigurationName = Release;
		};
		185452F918E3F70C00AD1CC4 /* Build configuration list for PBXNativeTarget "guaiTests" */ = {
			isa = XCConfigurationList;
			buildConfigurations = (
				185452FA18E3F70C00AD1CC4 /* Debug */,
				185452FB18E3F70C00AD1CC4 /* Release */,
			);
			defaultConfigurationIsVisible = 0;
			defaultConfigurationName = Release;
		};
/* End XCConfigurationList section */

/* Begin XCVersionGroup section */
		185452DB18E3F70C00AD1CC4 /* guai.xcdatamodeld */ = {
			isa = XCVersionGroup;
			children = (
				185452DC18E3F70C00AD1CC4 /* guai.xcdatamodel */,
			);
			currentVersion = 185452DC18E3F70C00AD1CC4 /* guai.xcdatamodel */;
			path = guai.xcdatamodeld;
			sourceTree = "<group>";
			versionGroupType = wrapper.xcdatamodel;
		};
/* End XCVersionGroup section */
	};
	rootObject = 185452BC18E3F70C00AD1CC4 /* Project object */;
}
