// !$*UTF8*$!
{
	archiveVersion = 1;
	classes = {
	};
	objectVersion = 46;
	objects = {

/* Begin PBXBuildFile section */
		1860F11218DC237C00976FFE /* Foundation.framework in Frameworks */ = {isa = PBXBuildFile; fileRef = 1860F11118DC237C00976FFE /* Foundation.framework */; };
		1860F11418DC237C00976FFE /* CoreGraphics.framework in Frameworks */ = {isa = PBXBuildFile; fileRef = 1860F11318DC237C00976FFE /* CoreGraphics.framework */; };
		1860F11618DC237C00976FFE /* UIKit.framework in Frameworks */ = {isa = PBXBuildFile; fileRef = 1860F11518DC237C00976FFE /* UIKit.framework */; };
		1860F11818DC237C00976FFE /* CoreData.framework in Frameworks */ = {isa = PBXBuildFile; fileRef = 1860F11718DC237C00976FFE /* CoreData.framework */; };
		1860F11E18DC237C00976FFE /* InfoPlist.strings in Resources */ = {isa = PBXBuildFile; fileRef = 1860F11C18DC237C00976FFE /* InfoPlist.strings */; };
		1860F12018DC237C00976FFE /* main.m in Sources */ = {isa = PBXBuildFile; fileRef = 1860F11F18DC237C00976FFE /* main.m */; };
		1860F12418DC237C00976FFE /* AppDelegate.m in Sources */ = {isa = PBXBuildFile; fileRef = 1860F12318DC237C00976FFE /* AppDelegate.m */; };
		1860F12718DC237C00976FFE /* guai.xcdatamodeld in Sources */ = {isa = PBXBuildFile; fileRef = 1860F12518DC237C00976FFE /* guai.xcdatamodeld */; };
		1860F14818DC249100976FFE /* mainStoryBoard.storyboard in Resources */ = {isa = PBXBuildFile; fileRef = 1860F14718DC249100976FFE /* mainStoryBoard.storyboard */; };
		1860F14C18DC295100976FFE /* tabController.m in Sources */ = {isa = PBXBuildFile; fileRef = 1860F14B18DC295100976FFE /* tabController.m */; };
		1860F14E18DC2A5600976FFE /* images.xcassets in Resources */ = {isa = PBXBuildFile; fileRef = 1860F14D18DC2A5600976FFE /* images.xcassets */; };
		1860F15118DC320900976FFE /* messagesController.m in Sources */ = {isa = PBXBuildFile; fileRef = 1860F15018DC320900976FFE /* messagesController.m */; };
		1860F15418DC321A00976FFE /* contactsController.m in Sources */ = {isa = PBXBuildFile; fileRef = 1860F15318DC321A00976FFE /* contactsController.m */; };
		1860F15718DC327200976FFE /* statusesController.m in Sources */ = {isa = PBXBuildFile; fileRef = 1860F15618DC327200976FFE /* statusesController.m */; };
		1860F15A18DC328F00976FFE /* settingsController.m in Sources */ = {isa = PBXBuildFile; fileRef = 1860F15918DC328F00976FFE /* settingsController.m */; };
/* End PBXBuildFile section */

/* Begin PBXFileReference section */
		1860F10E18DC237C00976FFE /* guai.app */ = {isa = PBXFileReference; explicitFileType = wrapper.application; includeInIndex = 0; path = guai.app; sourceTree = BUILT_PRODUCTS_DIR; };
		1860F11118DC237C00976FFE /* Foundation.framework */ = {isa = PBXFileReference; lastKnownFileType = wrapper.framework; name = Foundation.framework; path = System/Library/Frameworks/Foundation.framework; sourceTree = SDKROOT; };
		1860F11318DC237C00976FFE /* CoreGraphics.framework */ = {isa = PBXFileReference; lastKnownFileType = wrapper.framework; name = CoreGraphics.framework; path = System/Library/Frameworks/CoreGraphics.framework; sourceTree = SDKROOT; };
		1860F11518DC237C00976FFE /* UIKit.framework */ = {isa = PBXFileReference; lastKnownFileType = wrapper.framework; name = UIKit.framework; path = System/Library/Frameworks/UIKit.framework; sourceTree = SDKROOT; };
		1860F11718DC237C00976FFE /* CoreData.framework */ = {isa = PBXFileReference; lastKnownFileType = wrapper.framework; name = CoreData.framework; path = System/Library/Frameworks/CoreData.framework; sourceTree = SDKROOT; };
		1860F11B18DC237C00976FFE /* guai-Info.plist */ = {isa = PBXFileReference; lastKnownFileType = text.plist.xml; path = "guai-Info.plist"; sourceTree = "<group>"; };
		1860F11D18DC237C00976FFE /* en */ = {isa = PBXFileReference; lastKnownFileType = text.plist.strings; name = en; path = en.lproj/InfoPlist.strings; sourceTree = "<group>"; };
		1860F11F18DC237C00976FFE /* main.m */ = {isa = PBXFileReference; lastKnownFileType = sourcecode.c.objc; path = main.m; sourceTree = "<group>"; };
		1860F12118DC237C00976FFE /* guai-Prefix.pch */ = {isa = PBXFileReference; lastKnownFileType = sourcecode.c.h; path = "guai-Prefix.pch"; sourceTree = "<group>"; };
		1860F12218DC237C00976FFE /* AppDelegate.h */ = {isa = PBXFileReference; lastKnownFileType = sourcecode.c.h; path = AppDelegate.h; sourceTree = "<group>"; };
		1860F12318DC237C00976FFE /* AppDelegate.m */ = {isa = PBXFileReference; lastKnownFileType = sourcecode.c.objc; path = AppDelegate.m; sourceTree = "<group>"; };
		1860F12618DC237C00976FFE /* guai.xcdatamodel */ = {isa = PBXFileReference; lastKnownFileType = wrapper.xcdatamodel; path = guai.xcdatamodel; sourceTree = "<group>"; };
		1860F14718DC249100976FFE /* mainStoryBoard.storyboard */ = {isa = PBXFileReference; fileEncoding = 4; lastKnownFileType = file.storyboard; path = mainStoryBoard.storyboard; sourceTree = "<group>"; };
		1860F14A18DC295100976FFE /* tabController.h */ = {isa = PBXFileReference; fileEncoding = 4; lastKnownFileType = sourcecode.c.h; path = tabController.h; sourceTree = "<group>"; };
		1860F14B18DC295100976FFE /* tabController.m */ = {isa = PBXFileReference; fileEncoding = 4; lastKnownFileType = sourcecode.c.objc; path = tabController.m; sourceTree = "<group>"; };
		1860F14D18DC2A5600976FFE /* images.xcassets */ = {isa = PBXFileReference; lastKnownFileType = folder.assetcatalog; path = images.xcassets; sourceTree = "<group>"; };
		1860F14F18DC320900976FFE /* messagesController.h */ = {isa = PBXFileReference; fileEncoding = 4; lastKnownFileType = sourcecode.c.h; path = messagesController.h; sourceTree = "<group>"; };
		1860F15018DC320900976FFE /* messagesController.m */ = {isa = PBXFileReference; fileEncoding = 4; lastKnownFileType = sourcecode.c.objc; path = messagesController.m; sourceTree = "<group>"; };
		1860F15218DC321A00976FFE /* contactsController.h */ = {isa = PBXFileReference; fileEncoding = 4; lastKnownFileType = sourcecode.c.h; path = contactsController.h; sourceTree = "<group>"; };
		1860F15318DC321A00976FFE /* contactsController.m */ = {isa = PBXFileReference; fileEncoding = 4; lastKnownFileType = sourcecode.c.objc; path = contactsController.m; sourceTree = "<group>"; };
		1860F15518DC327200976FFE /* statusesController.h */ = {isa = PBXFileReference; fileEncoding = 4; lastKnownFileType = sourcecode.c.h; path = statusesController.h; sourceTree = "<group>"; };
		1860F15618DC327200976FFE /* statusesController.m */ = {isa = PBXFileReference; fileEncoding = 4; lastKnownFileType = sourcecode.c.objc; path = statusesController.m; sourceTree = "<group>"; };
		1860F15818DC328F00976FFE /* settingsController.h */ = {isa = PBXFileReference; fileEncoding = 4; lastKnownFileType = sourcecode.c.h; path = settingsController.h; sourceTree = "<group>"; };
		1860F15918DC328F00976FFE /* settingsController.m */ = {isa = PBXFileReference; fileEncoding = 4; lastKnownFileType = sourcecode.c.objc; path = settingsController.m; sourceTree = "<group>"; };
/* End PBXFileReference section */

/* Begin PBXFrameworksBuildPhase section */
		1860F10B18DC237C00976FFE /* Frameworks */ = {
			isa = PBXFrameworksBuildPhase;
			buildActionMask = 2147483647;
			files = (
				1860F11418DC237C00976FFE /* CoreGraphics.framework in Frameworks */,
				1860F11818DC237C00976FFE /* CoreData.framework in Frameworks */,
				1860F11618DC237C00976FFE /* UIKit.framework in Frameworks */,
				1860F11218DC237C00976FFE /* Foundation.framework in Frameworks */,
			);
			runOnlyForDeploymentPostprocessing = 0;
		};
/* End PBXFrameworksBuildPhase section */

/* Begin PBXGroup section */
		1860F10518DC237C00976FFE = {
			isa = PBXGroup;
			children = (
				1860F14D18DC2A5600976FFE /* images.xcassets */,
				1860F14918DC28ED00976FFE /* controllers */,
				1860F14618DC245300976FFE /* storyBoards */,
				1860F11918DC237C00976FFE /* guai */,
				1860F11018DC237C00976FFE /* Frameworks */,
				1860F10F18DC237C00976FFE /* Products */,
			);
			sourceTree = "<group>";
		};
		1860F10F18DC237C00976FFE /* Products */ = {
			isa = PBXGroup;
			children = (
				1860F10E18DC237C00976FFE /* guai.app */,
			);
			name = Products;
			sourceTree = "<group>";
		};
		1860F11018DC237C00976FFE /* Frameworks */ = {
			isa = PBXGroup;
			children = (
				1860F11118DC237C00976FFE /* Foundation.framework */,
				1860F11318DC237C00976FFE /* CoreGraphics.framework */,
				1860F11518DC237C00976FFE /* UIKit.framework */,
				1860F11718DC237C00976FFE /* CoreData.framework */,
			);
			name = Frameworks;
			sourceTree = "<group>";
		};
		1860F11918DC237C00976FFE /* guai */ = {
			isa = PBXGroup;
			children = (
				1860F12218DC237C00976FFE /* AppDelegate.h */,
				1860F12318DC237C00976FFE /* AppDelegate.m */,
				1860F12518DC237C00976FFE /* guai.xcdatamodeld */,
				1860F11A18DC237C00976FFE /* Supporting Files */,
			);
			path = guai;
			sourceTree = "<group>";
		};
		1860F11A18DC237C00976FFE /* Supporting Files */ = {
			isa = PBXGroup;
			children = (
				1860F11B18DC237C00976FFE /* guai-Info.plist */,
				1860F11C18DC237C00976FFE /* InfoPlist.strings */,
				1860F11F18DC237C00976FFE /* main.m */,
				1860F12118DC237C00976FFE /* guai-Prefix.pch */,
			);
			name = "Supporting Files";
			sourceTree = "<group>";
		};
		1860F14618DC245300976FFE /* storyBoards */ = {
			isa = PBXGroup;
			children = (
				1860F14718DC249100976FFE /* mainStoryBoard.storyboard */,
			);
			name = storyBoards;
			sourceTree = "<group>";
		};
		1860F14918DC28ED00976FFE /* controllers */ = {
			isa = PBXGroup;
			children = (
				1860F14A18DC295100976FFE /* tabController.h */,
				1860F14B18DC295100976FFE /* tabController.m */,
				1860F14F18DC320900976FFE /* messagesController.h */,
				1860F15018DC320900976FFE /* messagesController.m */,
				1860F15218DC321A00976FFE /* contactsController.h */,
				1860F15318DC321A00976FFE /* contactsController.m */,
				1860F15518DC327200976FFE /* statusesController.h */,
				1860F15618DC327200976FFE /* statusesController.m */,
				1860F15818DC328F00976FFE /* settingsController.h */,
				1860F15918DC328F00976FFE /* settingsController.m */,
			);
			name = controllers;
			sourceTree = "<group>";
		};
/* End PBXGroup section */

/* Begin PBXNativeTarget section */
		1860F10D18DC237C00976FFE /* guai */ = {
			isa = PBXNativeTarget;
			buildConfigurationList = 1860F14018DC237C00976FFE /* Build configuration list for PBXNativeTarget "guai" */;
			buildPhases = (
				1860F10A18DC237C00976FFE /* Sources */,
				1860F10B18DC237C00976FFE /* Frameworks */,
				1860F10C18DC237C00976FFE /* Resources */,
			);
			buildRules = (
			);
			dependencies = (
			);
			name = guai;
			productName = guai;
			productReference = 1860F10E18DC237C00976FFE /* guai.app */;
			productType = "com.apple.product-type.application";
		};
/* End PBXNativeTarget section */

/* Begin PBXProject section */
		1860F10618DC237C00976FFE /* Project object */ = {
			isa = PBXProject;
			attributes = {
				LastUpgradeCheck = 0510;
				ORGANIZATIONNAME = com.dcz;
			};
			buildConfigurationList = 1860F10918DC237C00976FFE /* Build configuration list for PBXProject "guai" */;
			compatibilityVersion = "Xcode 3.2";
			developmentRegion = English;
			hasScannedForEncodings = 0;
			knownRegions = (
				en,
			);
			mainGroup = 1860F10518DC237C00976FFE;
			productRefGroup = 1860F10F18DC237C00976FFE /* Products */;
			projectDirPath = "";
			projectRoot = "";
			targets = (
				1860F10D18DC237C00976FFE /* guai */,
			);
		};
/* End PBXProject section */

/* Begin PBXResourcesBuildPhase section */
		1860F10C18DC237C00976FFE /* Resources */ = {
			isa = PBXResourcesBuildPhase;
			buildActionMask = 2147483647;
			files = (
				1860F14E18DC2A5600976FFE /* images.xcassets in Resources */,
				1860F11E18DC237C00976FFE /* InfoPlist.strings in Resources */,
				1860F14818DC249100976FFE /* mainStoryBoard.storyboard in Resources */,
			);
			runOnlyForDeploymentPostprocessing = 0;
		};
/* End PBXResourcesBuildPhase section */

/* Begin PBXSourcesBuildPhase section */
		1860F10A18DC237C00976FFE /* Sources */ = {
			isa = PBXSourcesBuildPhase;
			buildActionMask = 2147483647;
			files = (
				1860F15718DC327200976FFE /* statusesController.m in Sources */,
				1860F12418DC237C00976FFE /* AppDelegate.m in Sources */,
				1860F14C18DC295100976FFE /* tabController.m in Sources */,
				1860F15418DC321A00976FFE /* contactsController.m in Sources */,
				1860F15A18DC328F00976FFE /* settingsController.m in Sources */,
				1860F12718DC237C00976FFE /* guai.xcdatamodeld in Sources */,
				1860F12018DC237C00976FFE /* main.m in Sources */,
				1860F15118DC320900976FFE /* messagesController.m in Sources */,
			);
			runOnlyForDeploymentPostprocessing = 0;
		};
/* End PBXSourcesBuildPhase section */

/* Begin PBXVariantGroup section */
		1860F11C18DC237C00976FFE /* InfoPlist.strings */ = {
			isa = PBXVariantGroup;
			children = (
				1860F11D18DC237C00976FFE /* en */,
			);
			name = InfoPlist.strings;
			sourceTree = "<group>";
		};
/* End PBXVariantGroup section */

/* Begin XCBuildConfiguration section */
		1860F13E18DC237C00976FFE /* Debug */ = {
			isa = XCBuildConfiguration;
			buildSettings = {
				ALWAYS_SEARCH_USER_PATHS = NO;
				CLANG_CXX_LANGUAGE_STANDARD = "gnu++0x";
				CLANG_CXX_LIBRARY = "libc++";
				CLANG_ENABLE_MODULES = YES;
				CLANG_ENABLE_OBJC_ARC = YES;
				CLANG_WARN_BOOL_CONVERSION = YES;
				CLANG_WARN_CONSTANT_CONVERSION = YES;
				CLANG_WARN_DIRECT_OBJC_ISA_USAGE = YES_ERROR;
				CLANG_WARN_EMPTY_BODY = YES;
				CLANG_WARN_ENUM_CONVERSION = YES;
				CLANG_WARN_INT_CONVERSION = YES;
				CLANG_WARN_OBJC_ROOT_CLASS = YES_ERROR;
				CLANG_WARN__DUPLICATE_METHOD_MATCH = YES;
				"CODE_SIGN_IDENTITY[sdk=iphoneos*]" = "iPhone Developer";
				COPY_PHASE_STRIP = NO;
				GCC_C_LANGUAGE_STANDARD = gnu99;
				GCC_DYNAMIC_NO_PIC = NO;
				GCC_OPTIMIZATION_LEVEL = 0;
				GCC_PREPROCESSOR_DEFINITIONS = (
					"DEBUG=1",
					"$(inherited)",
				);
				GCC_SYMBOLS_PRIVATE_EXTERN = NO;
				GCC_WARN_64_TO_32_BIT_CONVERSION = YES;
				GCC_WARN_ABOUT_RETURN_TYPE = YES_ERROR;
				GCC_WARN_UNDECLARED_SELECTOR = YES;
				GCC_WARN_UNINITIALIZED_AUTOS = YES_AGGRESSIVE;
				GCC_WARN_UNUSED_FUNCTION = YES;
				GCC_WARN_UNUSED_VARIABLE = YES;
				IPHONEOS_DEPLOYMENT_TARGET = 7.1;
				ONLY_ACTIVE_ARCH = YES;
				SDKROOT = iphoneos;
			};
			name = Debug;
		};
		1860F13F18DC237C00976FFE /* Release */ = {
			isa = XCBuildConfiguration;
			buildSettings = {
				ALWAYS_SEARCH_USER_PATHS = NO;
				CLANG_CXX_LANGUAGE_STANDARD = "gnu++0x";
				CLANG_CXX_LIBRARY = "libc++";
				CLANG_ENABLE_MODULES = YES;
				CLANG_ENABLE_OBJC_ARC = YES;
				CLANG_WARN_BOOL_CONVERSION = YES;
				CLANG_WARN_CONSTANT_CONVERSION = YES;
				CLANG_WARN_DIRECT_OBJC_ISA_USAGE = YES_ERROR;
				CLANG_WARN_EMPTY_BODY = YES;
				CLANG_WARN_ENUM_CONVERSION = YES;
				CLANG_WARN_INT_CONVERSION = YES;
				CLANG_WARN_OBJC_ROOT_CLASS = YES_ERROR;
				CLANG_WARN__DUPLICATE_METHOD_MATCH = YES;
				"CODE_SIGN_IDENTITY[sdk=iphoneos*]" = "iPhone Developer";
				COPY_PHASE_STRIP = YES;
				ENABLE_NS_ASSERTIONS = NO;
				GCC_C_LANGUAGE_STANDARD = gnu99;
				GCC_WARN_64_TO_32_BIT_CONVERSION = YES;
				GCC_WARN_ABOUT_RETURN_TYPE = YES_ERROR;
				GCC_WARN_UNDECLARED_SELECTOR = YES;
				GCC_WARN_UNINITIALIZED_AUTOS = YES_AGGRESSIVE;
				GCC_WARN_UNUSED_FUNCTION = YES;
				GCC_WARN_UNUSED_VARIABLE = YES;
				IPHONEOS_DEPLOYMENT_TARGET = 7.1;
				SDKROOT = iphoneos;
				VALIDATE_PRODUCT = YES;
			};
			name = Release;
		};
		1860F14118DC237C00976FFE /* Debug */ = {
			isa = XCBuildConfiguration;
			buildSettings = {
				ASSETCATALOG_COMPILER_APPICON_NAME = AppIcon;
				ASSETCATALOG_COMPILER_LAUNCHIMAGE_NAME = LaunchImage;
				CODE_SIGN_IDENTITY = "iPhone Developer";
				GCC_PRECOMPILE_PREFIX_HEADER = YES;
				GCC_PREFIX_HEADER = "guai/guai-Prefix.pch";
				INFOPLIST_FILE = "guai/guai-Info.plist";
				PRODUCT_NAME = "$(TARGET_NAME)";
				WRAPPER_EXTENSION = app;
			};
			name = Debug;
		};
		1860F14218DC237C00976FFE /* Release */ = {
			isa = XCBuildConfiguration;
			buildSettings = {
				ASSETCATALOG_COMPILER_APPICON_NAME = AppIcon;
				ASSETCATALOG_COMPILER_LAUNCHIMAGE_NAME = LaunchImage;
				CODE_SIGN_IDENTITY = "iPhone Developer";
				GCC_PRECOMPILE_PREFIX_HEADER = YES;
				GCC_PREFIX_HEADER = "guai/guai-Prefix.pch";
				INFOPLIST_FILE = "guai/guai-Info.plist";
				PRODUCT_NAME = "$(TARGET_NAME)";
				WRAPPER_EXTENSION = app;
			};
			name = Release;
		};
/* End XCBuildConfiguration section */

/* Begin XCConfigurationList section */
		1860F10918DC237C00976FFE /* Build configuration list for PBXProject "guai" */ = {
			isa = XCConfigurationList;
			buildConfigurations = (
				1860F13E18DC237C00976FFE /* Debug */,
				1860F13F18DC237C00976FFE /* Release */,
			);
			defaultConfigurationIsVisible = 0;
			defaultConfigurationName = Release;
		};
		1860F14018DC237C00976FFE /* Build configuration list for PBXNativeTarget "guai" */ = {
			isa = XCConfigurationList;
			buildConfigurations = (
				1860F14118DC237C00976FFE /* Debug */,
				1860F14218DC237C00976FFE /* Release */,
			);
			defaultConfigurationIsVisible = 0;
		};
/* End XCConfigurationList section */

/* Begin XCVersionGroup section */
		1860F12518DC237C00976FFE /* guai.xcdatamodeld */ = {
			isa = XCVersionGroup;
			children = (
				1860F12618DC237C00976FFE /* guai.xcdatamodel */,
			);
			currentVersion = 1860F12618DC237C00976FFE /* guai.xcdatamodel */;
			path = guai.xcdatamodeld;
			sourceTree = "<group>";
			versionGroupType = wrapper.xcdatamodel;
		};
/* End XCVersionGroup section */
	};
	rootObject = 1860F10618DC237C00976FFE /* Project object */;
}
